
Microsoft Visual Studio Solution File, Format Version 12.00
# Visual Studio Version 17
VisualStudioVersion = 17.3.32825.248
MinimumVisualStudioVersion = 10.0.40219.1
Project("{FAE04EC0-301F-11D3-BF4B-00C04F79EFBC}") = "MyFirstConsoleAPP", "MyFirstConsoleAPP\MyFirstConsoleAPP.csproj", "{F2C71738-999F-489A-9938-E6CF6602BFCC}"
EndProject
Global
	GlobalSection(SolutionConfigurationPlatforms) = preSolution
		Debug|Any CPU = Debug|Any CPU
		Release|Any CPU = Release|Any CPU
	EndGlobalSection
	GlobalSection(ProjectConfigurationPlatforms) = postSolution
		{F2C71738-999F-489A-9938-E6CF6602BFCC}.Debug|Any CPU.ActiveCfg = Debug|Any CPU
		{F2C71738-999F-489A-9938-E6CF6602BFCC}.Debug|Any CPU.Build.0 = Debug|Any CPU
		{F2C71738-999F-489A-9938-E6CF6602BFCC}.Release|Any CPU.ActiveCfg = Release|Any CPU
		{F2C71738-999F-489A-9938-E6CF6602BFCC}.Release|Any CPU.Build.0 = Release|Any CPU
	EndGlobalSection
	GlobalSection(SolutionProperties) = preSolution
		HideSolutionNode = FALSE
	EndGlobalSection
	GlobalSection(ExtensibilityGlobals) = postSolution
		SolutionGuid = {FBB6A00C-5810-4741-9491-D592472FEC55}
	EndGlobalSection
EndGlobal
